{
  "name": "circle-card-react",
  "version": "1.0.1",
  "lockfileVersion": 1,
  "requires": true,
  "dependencies": {
    "@types/prop-types": {
      "version": "15.7.3",
      "resolved": "https://registry.npmjs.org/@types/prop-types/-/prop-types-15.7.3.tgz",
      "integrity": "sha512-KfRL3PuHmqQLOG+2tGpRO26Ctg+Cq1E01D2DMriKEATHgWLfeNDmq9e29Q9WIky0dQ3NPkd1mzYH8Lm936Z9qw=="
    },
    "@types/react": {
      "version": "16.9.34",
      "resolved": "https://registry.npmjs.org/@types/react/-/react-16.9.34.tgz",
      "integrity": "sha512-8AJlYMOfPe1KGLKyHpflCg5z46n0b5DbRfqDksxBLBTUpB75ypDBAO9eCUcjNwE6LCUslwTz00yyG/X9gaVtow==",
      "requires": {
        "@types/prop-types": "*",
        "csstype": "^2.2.0"
      }
    },
    "@types/react-dom": {
      "version": "16.9.7",
      "resolved": "https://registry.npmjs.org/@types/react-dom/-/react-dom-16.9.7.tgz",
      "integrity": "sha512-GHTYhM8/OwUCf254WO5xqR/aqD3gC9kSTLpopWGpQLpnw23jk44RvMHsyUSEplvRJZdHxhJGMMLF0kCPYHPhQA==",
      "requires": {
        "@types/react": "*"
      }
    },
    "ansi-regex": {
      "version": "2.1.1",
      "resolved": "https://registry.npmjs.org/ansi-regex/-/ansi-regex-2.1.1.tgz",
      "integrity": "sha1-w7M6te42DYbg5ijwRorn7yfWVN8=",
      "dev": true
    },
    "ansi-styles": {
      "version": "2.2.1",
      "resolved": "https://registry.npmjs.org/ansi-styles/-/ansi-styles-2.2.1.tgz",
      "integrity": "sha1-tDLdM1i2NM914eRmQ2gkBTPB3b4=",
      "dev": true
    },
    "babel-code-frame": {
      "version": "6.26.0",
      "resolved": "https://registry.npmjs.org/babel-code-frame/-/babel-code-frame-6.26.0.tgz",
      "integrity": "sha1-Y/1D99weO7fONZR9uP42mj9Yx0s=",
      "dev": true,
      "requires": {
        "chalk": "^1.1.3",
        "esutils": "^2.0.2",
        "js-tokens": "^3.0.2"
      },
      "dependencies": {
        "js-tokens": {
          "version": "3.0.2",
          "resolved": "https://registry.npmjs.org/js-tokens/-/js-tokens-3.0.2.tgz",
          "integrity": "sha1-mGbfOVECEw449/mWvOtlRDIJwls=",
          "dev": true
        }
      }
    },
    "balanced-match": {
      "version": "1.0.0",
      "resolved": "https://registry.npmjs.org/balanced-match/-/balanced-match-1.0.0.tgz",
      "integrity": "sha1-ibTRmasr7kneFk6gK4nORi1xt2c=",
      "dev": true
    },
    "brace-expansion": {
      "version": "1.1.11",
      "resolved": "https://registry.npmjs.org/brace-expansion/-/brace-expansion-1.1.11.tgz",
      "integrity": "sha512-iCuPHDFgrHX7H2vEI/5xpz07zSHB00TpugqhmYtVmMO6518mCuRMoOYFldEBl0g187ufozdaHgWKcYFb61qGiA==",
      "dev": true,
      "requires": {
        "balanced-match": "^1.0.0",
        "concat-map": "0.0.1"
      }
    },
    "chalk": {
      "version": "1.1.3",
      "resolved": "https://registry.npmjs.org/chalk/-/chalk-1.1.3.tgz",
      "integrity": "sha1-qBFcVeSnAv5NFQq9OHKCKn4J/Jg=",
      "dev": true,
      "requires": {
        "ansi-styles": "^2.2.1",
        "escape-string-regexp": "^1.0.2",
        "has-ansi": "^2.0.0",
        "strip-ansi": "^3.0.0",
        "supports-color": "^2.0.0"
      }
    },
    "colors": {
      "version": "1.4.0",
      "resolved": "https://registry.npmjs.org/colors/-/colors-1.4.0.tgz",
      "integrity": "sha512-a+UqTh4kgZg/SlGvfbzDHpgRu7AAQOmmqRHJnxhRZICKFUT91brVhNNt58CMWU9PsBbv3PDCZUHbVxuDiH2mtA==",
      "dev": true
    },
    "commons-math-interpolation": {
      "version": "2.2.2",
      "resolved": "https://registry.npmjs.org/commons-math-interpolation/-/commons-math-interpolation-2.2.2.tgz",
      "integrity": "sha512-rMkv8/kskeq7u9Fmq9d+2sq9eHTRb5K9SoYubi8O6ux40Uni4WLKItNXAYOGPMzmNU8V/XbI1GLSC0Qwaz54xQ=="
    },
    "concat-map": {
      "version": "0.0.1",
      "resolved": "https://registry.npmjs.org/concat-map/-/concat-map-0.0.1.tgz",
      "integrity": "sha1-2Klr13/Wjfd5OnMDajug1UBdR3s=",
      "dev": true
    },
    "core-js": {
      "version": "3.6.5",
      "resolved": "https://registry.npmjs.org/core-js/-/core-js-3.6.5.tgz",
      "integrity": "sha512-vZVEEwZoIsI+vPEuoF9Iqf5H7/M3eeQqWlQnYa8FSKKePuYTf5MWnxb5SDAzCa60b3JBRS5g9b+Dq7b1y/RCrA=="
    },
    "csstype": {
      "version": "2.6.10",
      "resolved": "https://registry.npmjs.org/csstype/-/csstype-2.6.10.tgz",
      "integrity": "sha512-D34BqZU4cIlMCY93rZHbrq9pjTAQJ3U8S8rfBqjwHxkGPThWFjzZDQpgMJY0QViLxth6ZKYiwFBo14RdN44U/w=="
    },
    "d3-array": {
      "version": "1.2.4",
      "resolved": "https://registry.npmjs.org/d3-array/-/d3-array-1.2.4.tgz",
      "integrity": "sha512-KHW6M86R+FUPYGb3R5XiYjXPq7VzwxZ22buHhAEVG5ztoEcZZMLov530mmccaqA1GghZArjQV46fuc8kUqhhHw=="
    },
    "d3-collection": {
      "version": "1.0.7",
      "resolved": "https://registry.npmjs.org/d3-collection/-/d3-collection-1.0.7.tgz",
      "integrity": "sha512-ii0/r5f4sjKNTfh84Di+DpztYwqKhEyUlKoPrzUFfeSkWxjW49xU2QzO9qrPrNkpdI0XJkfzvmTu8V2Zylln6A=="
    },
    "d3-color": {
      "version": "1.4.1",
      "resolved": "https://registry.npmjs.org/d3-color/-/d3-color-1.4.1.tgz",
      "integrity": "sha512-p2sTHSLCJI2QKunbGb7ocOh7DgTAn8IrLx21QRc/BSnodXM4sv6aLQlnfpvehFMLZEfBc6g9pH9SWQccFYfJ9Q=="
    },
    "d3-ease": {
      "version": "1.0.7",
      "resolved": "https://registry.npmjs.org/d3-ease/-/d3-ease-1.0.7.tgz",
      "integrity": "sha512-lx14ZPYkhNx0s/2HX5sLFUI3mbasHjSSpwO/KaaNACweVwxUruKyWVcb293wMv1RqTPZyZ8kSZ2NogUZNcLOFQ=="
    },
    "d3-format": {
      "version": "1.4.5",
      "resolved": "https://registry.npmjs.org/d3-format/-/d3-format-1.4.5.tgz",
      "integrity": "sha512-J0piedu6Z8iB6TbIGfZgDzfXxUFN3qQRMofy2oPdXzQibYGqPB/9iMcxr/TGalU+2RsyDO+U4f33id8tbnSRMQ=="
    },
    "d3-interpolate": {
      "version": "1.4.0",
      "resolved": "https://registry.npmjs.org/d3-interpolate/-/d3-interpolate-1.4.0.tgz",
      "integrity": "sha512-V9znK0zc3jOPV4VD2zZn0sDhZU3WAE2bmlxdIwwQPPzPjvyLkd8B3JUVdS1IDUFDkWZ72c9qnv1GK2ZagTZ8EA==",
      "requires": {
        "d3-color": "1"
      }
    },
    "d3-path": {
      "version": "1.0.9",
      "resolved": "https://registry.npmjs.org/d3-path/-/d3-path-1.0.9.tgz",
      "integrity": "sha512-VLaYcn81dtHVTjEHd8B+pbe9yHWpXKZUC87PzoFmsFrJqgFwDe/qxfp5MlfsfM1V5E/iVt0MmEbWQ7FVIXh/bg=="
    },
    "d3-scale": {
      "version": "1.0.7",
      "resolved": "https://registry.npmjs.org/d3-scale/-/d3-scale-1.0.7.tgz",
      "integrity": "sha512-KvU92czp2/qse5tUfGms6Kjig0AhHOwkzXG0+PqIJB3ke0WUv088AHMZI0OssO9NCkXt4RP8yju9rpH8aGB7Lw==",
      "requires": {
        "d3-array": "^1.2.0",
        "d3-collection": "1",
        "d3-color": "1",
        "d3-format": "1",
        "d3-interpolate": "1",
        "d3-time": "1",
        "d3-time-format": "2"
      }
    },
    "d3-shape": {
      "version": "1.3.7",
      "resolved": "https://registry.npmjs.org/d3-shape/-/d3-shape-1.3.7.tgz",
      "integrity": "sha512-EUkvKjqPFUAZyOlhY5gzCxCeI0Aep04LwIRpsZ/mLFelJiUfnK56jo5JMDSE7yyP2kLSb6LtF+S5chMk7uqPqw==",
      "requires": {
        "d3-path": "1"
      }
    },
    "d3-time": {
      "version": "1.1.0",
      "resolved": "https://registry.npmjs.org/d3-time/-/d3-time-1.1.0.tgz",
      "integrity": "sha512-Xh0isrZ5rPYYdqhAVk8VLnMEidhz5aP7htAADH6MfzgmmicPkTo8LhkLxci61/lCB7n7UmE3bN0leRt+qvkLxA=="
    },
    "d3-time-format": {
      "version": "2.3.0",
      "resolved": "https://registry.npmjs.org/d3-time-format/-/d3-time-format-2.3.0.tgz",
      "integrity": "sha512-guv6b2H37s2Uq/GefleCDtbe0XZAuy7Wa49VGkPVPMfLL9qObgBST3lEHJBMUp8S7NdLQAGIvr2KXk8Hc98iKQ==",
      "requires": {
        "d3-time": "1"
      }
    },
    "d3-timer": {
      "version": "1.0.10",
      "resolved": "https://registry.npmjs.org/d3-timer/-/d3-timer-1.0.10.tgz",
      "integrity": "sha512-B1JDm0XDaQC+uvo4DT79H0XmBskgS3l6Ve+1SBCfxgmtIb1AVrPIoqd+nPSv+loMX8szQ0sVUhGngL7D5QPiXw=="
    },
    "d3-voronoi": {
      "version": "1.1.4",
      "resolved": "https://registry.npmjs.org/d3-voronoi/-/d3-voronoi-1.1.4.tgz",
      "integrity": "sha512-dArJ32hchFsrQ8uMiTBLq256MpnZjeuBtdHpaDlYuQyjU0CVzCJl/BVW+SkszaAeH95D/8gxqAhgx0ouAWAfRg=="
    },
    "delaunator": {
      "version": "4.0.1",
      "resolved": "https://registry.npmjs.org/delaunator/-/delaunator-4.0.1.tgz",
      "integrity": "sha512-WNPWi1IRKZfCt/qIDMfERkDp93+iZEmOxN2yy4Jg+Xhv8SLk2UTqqbe1sfiipn0and9QrE914/ihdx82Y/Giag=="
    },
    "delaunay-find": {
      "version": "0.0.5",
      "resolved": "https://registry.npmjs.org/delaunay-find/-/delaunay-find-0.0.5.tgz",
      "integrity": "sha512-7yAJ/wmKWj3SgqjtkGqT/RCwI0HWAo5YnHMoF5nYXD8cdci+YSo23iPmgrZUNOpDxRWN91PqxUvMMr2lKpjr+w==",
      "requires": {
        "delaunator": "^4.0.0"
      }
    },
    "diff": {
      "version": "3.5.0",
      "resolved": "https://registry.npmjs.org/diff/-/diff-3.5.0.tgz",
      "integrity": "sha512-A46qtFgd+g7pDZinpnwiRJtxbC1hpgf0uzP3iG89scHk0AUC7A1TGxf5OiiOUv/JMZR8GOt8hL900hV0bOy5xA==",
      "dev": true
    },
    "escape-string-regexp": {
      "version": "1.0.5",
      "resolved": "https://registry.npmjs.org/escape-string-regexp/-/escape-string-regexp-1.0.5.tgz",
      "integrity": "sha1-G2HAViGQqN/2rjuyzwIAyhMLhtQ=",
      "dev": true
    },
    "esutils": {
      "version": "2.0.3",
      "resolved": "https://registry.npmjs.org/esutils/-/esutils-2.0.3.tgz",
      "integrity": "sha512-kVscqXk4OCp68SZ0dkgEKVi6/8ij300KBWTJq32P/dYeWTSwK41WyTxalN1eRmA5Z9UU/LX9D7FWSmV9SAYx6g==",
      "dev": true
    },
    "findup-sync": {
      "version": "0.3.0",
      "resolved": "https://registry.npmjs.org/findup-sync/-/findup-sync-0.3.0.tgz",
      "integrity": "sha1-N5MKpdgWt3fANEXhlmzGeQpMCxY=",
      "dev": true,
      "requires": {
        "glob": "~5.0.0"
      },
      "dependencies": {
        "glob": {
          "version": "5.0.15",
          "resolved": "https://registry.npmjs.org/glob/-/glob-5.0.15.tgz",
          "integrity": "sha1-G8k2ueAvSmA/zCIuz3Yz0wuLk7E=",
          "dev": true,
          "requires": {
            "inflight": "^1.0.4",
            "inherits": "2",
            "minimatch": "2 || 3",
            "once": "^1.3.0",
            "path-is-absolute": "^1.0.0"
          }
        }
      }
    },
    "fs.realpath": {
      "version": "1.0.0",
      "resolved": "https://registry.npmjs.org/fs.realpath/-/fs.realpath-1.0.0.tgz",
      "integrity": "sha1-FQStJSMVjKpA20onh8sBQRmU6k8=",
      "dev": true
    },
    "glob": {
      "version": "7.1.6",
      "resolved": "https://registry.npmjs.org/glob/-/glob-7.1.6.tgz",
      "integrity": "sha512-LwaxwyZ72Lk7vZINtNNrywX0ZuLyStrdDtabefZKAY5ZGJhVtgdznluResxNmPitE0SAO+O26sWTHeKSI2wMBA==",
      "dev": true,
      "requires": {
        "fs.realpath": "^1.0.0",
        "inflight": "^1.0.4",
        "inherits": "2",
        "minimatch": "^3.0.4",
        "once": "^1.3.0",
        "path-is-absolute": "^1.0.0"
      }
    },
    "has-ansi": {
      "version": "2.0.0",
      "resolved": "https://registry.npmjs.org/has-ansi/-/has-ansi-2.0.0.tgz",
      "integrity": "sha1-NPUEnOHs3ysGSa8+8k5F7TVBbZE=",
      "dev": true,
      "requires": {
        "ansi-regex": "^2.0.0"
      }
    },
    "inflight": {
      "version": "1.0.6",
      "resolved": "https://registry.npmjs.org/inflight/-/inflight-1.0.6.tgz",
      "integrity": "sha1-Sb1jMdfQLQwJvJEKEHW6gWW1bfk=",
      "dev": true,
      "requires": {
        "once": "^1.3.0",
        "wrappy": "1"
      }
    },
    "inherits": {
      "version": "2.0.4",
      "resolved": "https://registry.npmjs.org/inherits/-/inherits-2.0.4.tgz",
      "integrity": "sha512-k/vGaX4/Yla3WzyMCvTQOXYeIHvqOKtnqBduzTHpzpQZzAskKMhZ2K+EnBiSM9zGSoIFeMpXKxa4dYeZIQqewQ==",
      "dev": true
    },
    "internmap": {
      "version": "1.0.0",
      "resolved": "https://registry.npmjs.org/internmap/-/internmap-1.0.0.tgz",
      "integrity": "sha512-SdoDWwNOTE2n4JWUsLn4KXZGuZPjPF9yyOGc8bnfWnBQh7BD/l80rzSznKc/r4Y0aQ7z3RTk9X+tV4tHBpu+dA=="
    },
    "js-tokens": {
      "version": "4.0.0",
      "resolved": "https://registry.npmjs.org/js-tokens/-/js-tokens-4.0.0.tgz",
      "integrity": "sha512-RdJUflcE3cUzKiMqQgsCu06FPu9UdIJO0beYbPhHN4k6apgJtifcoCtT9bcxOpYBtpD2kCM6Sbzg4CausW/PKQ=="
    },
    "json-stringify-safe": {
      "version": "5.0.1",
      "resolved": "https://registry.npmjs.org/json-stringify-safe/-/json-stringify-safe-5.0.1.tgz",
      "integrity": "sha1-Epai1Y/UXxmg9s4B1lcB4sc1tus="
    },
    "lodash": {
      "version": "4.17.20",
      "resolved": "https://registry.npmjs.org/lodash/-/lodash-4.17.20.tgz",
      "integrity": "sha512-PlhdFcillOINfeV7Ni6oF1TAEayyZBoZ8bcshTHqOYJYlrqzRK5hagpagky5o4HfCzzd1TRkXPMFq6cKk9rGmA=="
    },
    "loose-envify": {
      "version": "1.4.0",
      "resolved": "https://registry.npmjs.org/loose-envify/-/loose-envify-1.4.0.tgz",
      "integrity": "sha512-lyuxPGr/Wfhrlem2CL/UcnUc1zcqKAImBDzukY7Y5F/yQiNdko6+fRLevlw1HgMySw7f611UIY408EtxRSoK3Q==",
      "requires": {
        "js-tokens": "^3.0.0 || ^4.0.0"
      }
    },
    "lru-cache": {
      "version": "6.0.0",
      "resolved": "https://registry.npmjs.org/lru-cache/-/lru-cache-6.0.0.tgz",
      "integrity": "sha512-Jo6dJ04CmSjuznwJSS3pUeWmd/H0ffTlkXXgwZi+eq1UCmqQwCh+eLsYOYCwY991i2Fah4h1BEMCx4qThGbsiA==",
      "requires": {
        "yallist": "^4.0.0"
      }
    },
    "minimatch": {
      "version": "3.0.4",
      "resolved": "https://registry.npmjs.org/minimatch/-/minimatch-3.0.4.tgz",
      "integrity": "sha512-yJHVQEhyqPLUTgt9B83PXu6W3rx4MvvHvSUvToogpwoGDOUQ+yDrR0HRot+yOCdCO7u4hX3pWft6kWBBcqh0UA==",
      "dev": true,
      "requires": {
        "brace-expansion": "^1.1.7"
      }
    },
    "minimist": {
      "version": "0.0.10",
      "resolved": "https://registry.npmjs.org/minimist/-/minimist-0.0.10.tgz",
      "integrity": "sha1-3j+YVD2/lggr5IrRoMfNqDYwHc8=",
      "dev": true
    },
    "object-assign": {
      "version": "4.1.1",
      "resolved": "https://registry.npmjs.org/object-assign/-/object-assign-4.1.1.tgz",
      "integrity": "sha1-IQmtx5ZYh8/AXLvUQsrIv7s2CGM="
    },
    "once": {
      "version": "1.4.0",
      "resolved": "https://registry.npmjs.org/once/-/once-1.4.0.tgz",
      "integrity": "sha1-WDsap3WWHUsROsF9nFC6753Xa9E=",
      "dev": true,
      "requires": {
        "wrappy": "1"
      }
    },
    "optimist": {
      "version": "0.6.1",
      "resolved": "https://registry.npmjs.org/optimist/-/optimist-0.6.1.tgz",
      "integrity": "sha1-2j6nRob6IaGaERwybpDrFaAZZoY=",
      "dev": true,
      "requires": {
        "minimist": "~0.0.1",
        "wordwrap": "~0.0.2"
      }
    },
    "path-is-absolute": {
      "version": "1.0.1",
      "resolved": "https://registry.npmjs.org/path-is-absolute/-/path-is-absolute-1.0.1.tgz",
      "integrity": "sha1-F0uSaHNVNP+8es5r9TpanhtcX18=",
      "dev": true
    },
    "path-parse": {
      "version": "1.0.6",
      "resolved": "https://registry.npmjs.org/path-parse/-/path-parse-1.0.6.tgz",
      "integrity": "sha512-GSmOT2EbHrINBf9SR7CDELwlJ8AENk3Qn7OikK4nFYAu3Ote2+JYNVvkpAEQm3/TLNEJFD/xZJjzyxg3KBWOzw==",
      "dev": true
    },
    "powerbi-visuals-api": {
      "version": "2.6.2",
      "resolved": "https://registry.npmjs.org/powerbi-visuals-api/-/powerbi-visuals-api-2.6.2.tgz",
      "integrity": "sha512-VU62zxpsl8eMMsJnOHXYoXMffoF7PZrZ0PkbbKd5amGw7RnjomjpSu1cS/GWdewOb5Be8LrX4f84g5bDVK79Jw==",
      "requires": {
        "semver": "^7.1.2"
      },
      "dependencies": {
        "semver": {
          "version": "7.3.4",
          "resolved": "https://registry.npmjs.org/semver/-/semver-7.3.4.tgz",
          "integrity": "sha512-tCfb2WLjqFAtXn4KEdxIhalnRtoKFN7nAwj0B3ZXCbQloV2tq5eDbcTmT68JJD3nRJq24/XgxtQKFIpQdtvmVw==",
          "requires": {
            "lru-cache": "^6.0.0"
          }
        }
      }
    },
    "powerbi-visuals-utils-dataviewutils": {
      "version": "2.0.1",
      "resolved": "https://registry.npmjs.org/powerbi-visuals-utils-dataviewutils/-/powerbi-visuals-utils-dataviewutils-2.0.1.tgz",
      "integrity": "sha512-kYifZl6mA7or88rlHcS1EHRlPA/rWxQPlV5IP/84f+ObGfFGfmOwHe4IGwzDjWtpKRsU6YzQtzq6MGybSaDdsg=="
    },
    "prop-types": {
      "version": "15.7.2",
      "resolved": "https://registry.npmjs.org/prop-types/-/prop-types-15.7.2.tgz",
      "integrity": "sha512-8QQikdH7//R2vurIJSutZ1smHYTcLpRWEOlHnzcWHmBYrOGUysKwSsrC89BCiFj3CbrfJ/nXFdJepOVrY1GCHQ==",
      "requires": {
        "loose-envify": "^1.4.0",
        "object-assign": "^4.1.1",
        "react-is": "^16.8.1"
      }
    },
    "react": {
      "version": "16.13.1",
      "resolved": "https://registry.npmjs.org/react/-/react-16.13.1.tgz",
      "integrity": "sha512-YMZQQq32xHLX0bz5Mnibv1/LHb3Sqzngu7xstSM+vrkE5Kzr9xE0yMByK5kMoTK30YVJE61WfbxIFFvfeDKT1w==",
      "requires": {
        "loose-envify": "^1.1.0",
        "object-assign": "^4.1.1",
        "prop-types": "^15.6.2"
      }
    },
    "react-dom": {
      "version": "16.13.1",
      "resolved": "https://registry.npmjs.org/react-dom/-/react-dom-16.13.1.tgz",
      "integrity": "sha512-81PIMmVLnCNLO/fFOQxdQkvEq/+Hfpv24XNJfpyZhTRfO0QcmQIF/PgCa1zCOj2w1hrn12MFLyaJ/G0+Mxtfag==",
      "requires": {
        "loose-envify": "^1.1.0",
        "object-assign": "^4.1.1",
        "prop-types": "^15.6.2",
        "scheduler": "^0.19.1"
      }
    },
    "react-fast-compare": {
      "version": "2.0.4",
      "resolved": "https://registry.npmjs.org/react-fast-compare/-/react-fast-compare-2.0.4.tgz",
      "integrity": "sha512-suNP+J1VU1MWFKcyt7RtjiSWUjvidmQSlqu+eHslq+342xCbGTYmC0mEhPCOHxlW0CywylOC1u2DFAT+bv4dBw=="
    },
    "react-is": {
      "version": "16.13.1",
      "resolved": "https://registry.npmjs.org/react-is/-/react-is-16.13.1.tgz",
      "integrity": "sha512-24e6ynE2H+OKt4kqsOvNd8kBpV65zoxbA4BVsEOB3ARVWQki/DHzaUoC5KuON/BiccDaCCTZBuOcfZs70kR8bQ=="
    },
    "resolve": {
      "version": "1.17.0",
      "resolved": "https://registry.npmjs.org/resolve/-/resolve-1.17.0.tgz",
      "integrity": "sha512-ic+7JYiV8Vi2yzQGFWOkiZD5Z9z7O2Zhm9XMaTxdJExKasieFCr+yXZ/WmXsckHiKl12ar0y6XiXDx3m4RHn1w==",
      "dev": true,
      "requires": {
        "path-parse": "^1.0.6"
      }
    },
    "scheduler": {
      "version": "0.19.1",
      "resolved": "https://registry.npmjs.org/scheduler/-/scheduler-0.19.1.tgz",
      "integrity": "sha512-n/zwRWRYSUj0/3g/otKDRPMh6qv2SYMWNq85IEa8iZyAv8od9zDYpGSnpBEjNgcMNq6Scbu5KfIPxNF72R/2EA==",
      "requires": {
        "loose-envify": "^1.1.0",
        "object-assign": "^4.1.1"
      }
    },
    "semver": {
      "version": "5.7.1",
      "resolved": "https://registry.npmjs.org/semver/-/semver-5.7.1.tgz",
      "integrity": "sha512-sauaDf/PZdVgrLTNYHRtpXa1iRiKcaebiKQ1BJdpQlWH2lCvexQdX55snPFyK7QzpudqbCI0qXFfOasHdyNDGQ==",
      "dev": true
    },
    "strip-ansi": {
      "version": "3.0.1",
      "resolved": "https://registry.npmjs.org/strip-ansi/-/strip-ansi-3.0.1.tgz",
      "integrity": "sha1-ajhfuIU9lS1f8F0Oiq+UJ43GPc8=",
      "dev": true,
      "requires": {
        "ansi-regex": "^2.0.0"
      }
    },
    "supports-color": {
      "version": "2.0.0",
      "resolved": "https://registry.npmjs.org/supports-color/-/supports-color-2.0.0.tgz",
      "integrity": "sha1-U10EXOa2Nj+kARcIRimZXp3zJMc=",
      "dev": true
    },
    "tslib": {
      "version": "1.11.1",
      "resolved": "https://registry.npmjs.org/tslib/-/tslib-1.11.1.tgz",
      "integrity": "sha512-aZW88SY8kQbU7gpV19lN24LtXh/yD4ZZg6qieAJDDg+YBsJcSmLGK9QpnUjAKVG/xefmvJGd1WUmfpT/g6AJGA==",
      "dev": true
    },
    "tslint": {
      "version": "5.1.0",
      "resolved": "https://registry.npmjs.org/tslint/-/tslint-5.1.0.tgz",
      "integrity": "sha1-UaR7rutYlW/NYXvSzwDi7w7qLtk=",
      "dev": true,
      "requires": {
        "babel-code-frame": "^6.22.0",
        "colors": "^1.1.2",
        "diff": "^3.2.0",
        "findup-sync": "~0.3.0",
        "glob": "^7.1.1",
        "optimist": "~0.6.0",
        "resolve": "^1.3.2",
        "semver": "^5.3.0",
        "tsutils": "^1.4.0"
      },
      "dependencies": {
        "tsutils": {
          "version": "1.9.1",
          "resolved": "https://registry.npmjs.org/tsutils/-/tsutils-1.9.1.tgz",
          "integrity": "sha1-ufmrROVa+WgYMdXyjQrur1x1DLA=",
          "dev": true
        }
      }
    },
    "tslint-microsoft-contrib": {
      "version": "6.2.0",
      "resolved": "https://registry.npmjs.org/tslint-microsoft-contrib/-/tslint-microsoft-contrib-6.2.0.tgz",
      "integrity": "sha512-6tfi/2tHqV/3CL77pULBcK+foty11Rr0idRDxKnteTaKm6gWF9qmaCNU17HVssOuwlYNyOmd9Jsmjd+1t3a3qw==",
      "dev": true,
      "requires": {
        "tsutils": "^2.27.2 <2.29.0"
      }
    },
    "tsutils": {
      "version": "2.28.0",
      "resolved": "https://registry.npmjs.org/tsutils/-/tsutils-2.28.0.tgz",
      "integrity": "sha512-bh5nAtW0tuhvOJnx1GLRn5ScraRLICGyJV5wJhtRWOLsxW70Kk5tZtpK3O/hW6LDnqKS9mlUMPZj9fEMJ0gxqA==",
      "dev": true,
      "requires": {
        "tslib": "^1.8.1"
      }
    },
    "typescript": {
      "version": "3.8.3",
      "resolved": "https://registry.npmjs.org/typescript/-/typescript-3.8.3.tgz",
      "integrity": "sha512-MYlEfn5VrLNsgudQTVJeNaQFUAI7DkhnOjdpAp4T+ku1TfQClewlbSuTVHiA+8skNBgaf02TL/kLOvig4y3G8w==",
      "dev": true
    },
    "victory": {
      "version": "35.4.6",
      "resolved": "https://registry.npmjs.org/victory/-/victory-35.4.6.tgz",
      "integrity": "sha512-CYHKYx5Vp7h0XFOtOApVlLfyrwogCPLxqz/DIhWXV5FnYav8VnJZxhUpZWNc7N8hFPbgFYLNYwMpsPvIgG9ZwA==",
      "requires": {
        "victory-area": "^35.4.6",
        "victory-axis": "^35.4.6",
        "victory-bar": "^35.4.6",
        "victory-box-plot": "^35.4.6",
        "victory-brush-container": "^35.4.6",
        "victory-brush-line": "^35.4.6",
        "victory-candlestick": "^35.4.6",
        "victory-chart": "^35.4.6",
        "victory-core": "^35.4.6",
        "victory-create-container": "^35.4.6",
        "victory-cursor-container": "^35.4.6",
        "victory-errorbar": "^35.4.6",
        "victory-group": "^35.4.6",
        "victory-histogram": "^35.4.6",
        "victory-legend": "^35.4.6",
        "victory-line": "^35.4.6",
        "victory-pie": "^35.4.6",
        "victory-polar-axis": "^35.4.6",
        "victory-scatter": "^35.4.6",
        "victory-selection-container": "^35.4.6",
        "victory-shared-events": "^35.4.6",
        "victory-stack": "^35.4.6",
        "victory-tooltip": "^35.4.6",
        "victory-voronoi": "^35.4.6",
        "victory-voronoi-container": "^35.4.6",
        "victory-zoom-container": "^35.4.6"
      }
    },
    "victory-area": {
      "version": "35.4.6",
      "resolved": "https://registry.npmjs.org/victory-area/-/victory-area-35.4.6.tgz",
      "integrity": "sha512-J/SxkHAT1ygwjAHjSy92RtAyT6ZtH0cqh4721MSkfr8fdzI45420e/J7mG7JGN2XeYulD9N+VSiy/a/ExbOrEQ==",
      "requires": {
        "d3-shape": "^1.2.0",
        "lodash": "^4.17.19",
        "prop-types": "^15.5.8",
        "victory-core": "^35.4.6"
      }
    },
    "victory-axis": {
      "version": "35.4.6",
      "resolved": "https://registry.npmjs.org/victory-axis/-/victory-axis-35.4.6.tgz",
      "integrity": "sha512-ULMgAue4+XM2xzOEjG7PWVtBl1FZjMLvTUoQQr5+AUV1HtIVg9IAD+bfgLzBR3VWb9w8Qmo6rYiy1oWebv7qMQ==",
      "requires": {
        "lodash": "^4.17.19",
        "prop-types": "^15.5.8",
        "victory-core": "^35.4.6"
      }
    },
    "victory-bar": {
      "version": "35.4.6",
      "resolved": "https://registry.npmjs.org/victory-bar/-/victory-bar-35.4.6.tgz",
      "integrity": "sha512-YaliTB1FpYqWCj6Pd27XfLnM3pzkSw9AL1dSXPK1pj+404Yl5ImHbaU1gz7xq7o2EvWi6JIlgr2Ck5OtPdCFZg==",
      "requires": {
        "d3-shape": "^1.2.0",
        "lodash": "^4.17.19",
        "prop-types": "^15.5.8",
        "victory-core": "^35.4.6"
      }
    },
    "victory-box-plot": {
      "version": "35.4.6",
      "resolved": "https://registry.npmjs.org/victory-box-plot/-/victory-box-plot-35.4.6.tgz",
      "integrity": "sha512-qIA2seg8zk/woONPqstgr9IA4xjNjJKxfDUFYQTfbmRAhOzgwe8QAc+Cq4GTYB2vLNa//dtPuRxe58poQ/G6Pw==",
      "requires": {
        "d3-array": "^1.2.0",
        "lodash": "^4.17.19",
        "prop-types": "^15.5.8",
        "victory-core": "^35.4.6"
      }
    },
    "victory-brush-container": {
      "version": "35.4.6",
      "resolved": "https://registry.npmjs.org/victory-brush-container/-/victory-brush-container-35.4.6.tgz",
      "integrity": "sha512-0Fh/e4xVCrxvn1G2Bmos5JC+/C3Kp97T4KecIBhIRiyXXX3XZH3qNe5KbCQD2wmTARZVggo5uCrI+uW6cBBaFQ==",
      "requires": {
        "lodash": "^4.17.19",
        "prop-types": "^15.5.8",
        "react-fast-compare": "^2.0.0",
        "victory-core": "^35.4.6"
      }
    },
    "victory-brush-line": {
      "version": "35.4.6",
      "resolved": "https://registry.npmjs.org/victory-brush-line/-/victory-brush-line-35.4.6.tgz",
      "integrity": "sha512-2qkhkgQFidsO2dRCJFAyx5t6hkxIzbBJutP25BDuPhoJ5PvNG8pkcWEkwakhHdsNj4RcgibCxAzg/qEV7lKQRg==",
      "requires": {
        "lodash": "^4.17.19",
        "prop-types": "^15.5.8",
        "react-fast-compare": "^2.0.0",
        "victory-core": "^35.4.6"
      }
    },
    "victory-candlestick": {
      "version": "35.4.6",
      "resolved": "https://registry.npmjs.org/victory-candlestick/-/victory-candlestick-35.4.6.tgz",
      "integrity": "sha512-fT6y6/Giz1R9uSlRHSxFY3hJKEQHqLzcZDguphSUIZ1PXFNRKct9XaXAlWZaUAncPSsKejNEilY0oms0NCs4iQ==",
      "requires": {
        "lodash": "^4.17.19",
        "prop-types": "^15.5.8",
        "victory-core": "^35.4.6"
      }
    },
    "victory-chart": {
      "version": "35.4.6",
      "resolved": "https://registry.npmjs.org/victory-chart/-/victory-chart-35.4.6.tgz",
      "integrity": "sha512-lU78SkBo27nGRG4wmL6YzoAAZ1skpbkY9G2RgYfUK5uGfgvFCM0b/8LNcXi8cL3b9D5bJwoAkqud5YUtiWC8dQ==",
      "requires": {
        "lodash": "^4.17.19",
        "prop-types": "^15.5.8",
        "react-fast-compare": "^2.0.0",
        "victory-axis": "^35.4.6",
        "victory-core": "^35.4.6",
        "victory-polar-axis": "^35.4.6",
        "victory-shared-events": "^35.4.6"
      }
    },
    "victory-core": {
      "version": "35.4.6",
      "resolved": "https://registry.npmjs.org/victory-core/-/victory-core-35.4.6.tgz",
      "integrity": "sha512-aEq3QxqVihVoIDUyOs01P140e9VUjPqKabWPo9wxvxodAbeENMHafhPOSwogB0HEyNCV2J6nXCUPjghZoGSuKw==",
      "requires": {
        "d3-ease": "^1.0.0",
        "d3-interpolate": "^1.1.1",
        "d3-scale": "^1.0.0",
        "d3-shape": "^1.2.0",
        "d3-timer": "^1.0.0",
        "lodash": "^4.17.19",
        "prop-types": "^15.5.8",
        "react-fast-compare": "^2.0.0"
      }
    },
    "victory-create-container": {
      "version": "35.4.6",
      "resolved": "https://registry.npmjs.org/victory-create-container/-/victory-create-container-35.4.6.tgz",
      "integrity": "sha512-0/kGdW+8/TXCL9u7HKyYm4Cc4ZXKH4AmuGu9NMtAAiWHhWBuN/r+ppInQwxgjWZ4uZMH9yzPz/E1ajvn5uYJ3w==",
      "requires": {
        "lodash": "^4.17.19",
        "victory-brush-container": "^35.4.6",
        "victory-core": "^35.4.6",
        "victory-cursor-container": "^35.4.6",
        "victory-selection-container": "^35.4.6",
        "victory-voronoi-container": "^35.4.6",
        "victory-zoom-container": "^35.4.6"
      }
    },
    "victory-cursor-container": {
      "version": "35.4.6",
      "resolved": "https://registry.npmjs.org/victory-cursor-container/-/victory-cursor-container-35.4.6.tgz",
      "integrity": "sha512-LoiCnevAqKmXYFfpsKfP3Qp9ujCie0vG5/ooWsC4dV6FZNhGDD3JXffgejhqnHDla/Zp7jlM+7ajif5e/kTrdA==",
      "requires": {
        "lodash": "^4.17.19",
        "prop-types": "^15.5.8",
        "victory-core": "^35.4.6"
      }
    },
    "victory-errorbar": {
      "version": "35.4.6",
      "resolved": "https://registry.npmjs.org/victory-errorbar/-/victory-errorbar-35.4.6.tgz",
      "integrity": "sha512-3emENr1AL5I3yexPh+tepPEnsFCubUO1KqjrazxxoXZ6ABi8FgFKlo/h7VMaUajXhtMeu8JPauu3xnvpL/r51g==",
      "requires": {
        "lodash": "^4.17.19",
        "prop-types": "^15.5.8",
        "victory-core": "^35.4.6"
      }
    },
    "victory-group": {
      "version": "35.4.6",
      "resolved": "https://registry.npmjs.org/victory-group/-/victory-group-35.4.6.tgz",
      "integrity": "sha512-kfAYrbY8wRfJaygNyNKfzAc9KhZmBAJztc9uUZfrB0c7Q0tgovAe3nmS558zx64QkIKGqsMU6ohcOFRvYRpyVA==",
      "requires": {
        "lodash": "^4.17.19",
        "prop-types": "^15.5.8",
        "react-fast-compare": "^2.0.0",
        "victory-core": "^35.4.6",
        "victory-shared-events": "^35.4.6"
      }
    },
    "victory-histogram": {
      "version": "35.4.6",
      "resolved": "https://registry.npmjs.org/victory-histogram/-/victory-histogram-35.4.6.tgz",
      "integrity": "sha512-FBeBfTExvlnmQFY/+8U3FyA6k4XJTFMY0+p9yZn22TD+orHONp3z0YG7seSSE3lYGnhYkK+XDuY6XPFRsrzr/w==",
      "requires": {
        "d3-array": "^2.4.0",
        "d3-scale": "^1.0.0",
        "lodash": "^4.17.19",
        "prop-types": "^15.5.8",
        "react-fast-compare": "^2.0.0",
        "victory-bar": "^35.4.6",
        "victory-core": "^35.4.6"
      },
      "dependencies": {
        "d3-array": {
          "version": "2.10.0",
          "resolved": "https://registry.npmjs.org/d3-array/-/d3-array-2.10.0.tgz",
          "integrity": "sha512-TygE7/GvpL0092Pa/cS/kcyQ4E+I8KCkw3uCpQOFc4xi4IWNE67xST56H1Tz/FTYUqABULSEAmeLrGAmuLN8Xg==",
          "requires": {
            "internmap": "^1.0.0"
          }
        }
      }
    },
    "victory-legend": {
      "version": "35.4.6",
      "resolved": "https://registry.npmjs.org/victory-legend/-/victory-legend-35.4.6.tgz",
      "integrity": "sha512-TmOJzv/qhKR7u0XixVsGI4I3Wjr1WflTVQfNYDOqDDixU5lBYL0XcTCVL+Ri4BOEfCkJIj1+4I2GXuyOsu/K+g==",
      "requires": {
        "lodash": "^4.17.19",
        "prop-types": "^15.5.8",
        "victory-core": "^35.4.6"
      }
    },
    "victory-line": {
      "version": "35.4.6",
      "resolved": "https://registry.npmjs.org/victory-line/-/victory-line-35.4.6.tgz",
      "integrity": "sha512-VU4fSMycsIOafj5sTKuUj7SK6Eua9QT85YCk9UA4yXny0lbLGTgNptz00KFYwjinPhxV1pkJnIqruSH4WAW4oQ==",
      "requires": {
        "d3-shape": "^1.2.0",
        "lodash": "^4.17.19",
        "prop-types": "^15.5.8",
        "victory-core": "^35.4.6"
      }
    },
    "victory-pie": {
      "version": "35.4.6",
      "resolved": "https://registry.npmjs.org/victory-pie/-/victory-pie-35.4.6.tgz",
      "integrity": "sha512-yqb6VCi4H05MTxaWcfQ06zG3XRjiqQMbHWFvve27oT+HKb5Iz6CsSBRqvaUm2Bii2n8IBd5+0izhmMLFjzJcKw==",
      "requires": {
        "d3-shape": "^1.0.0",
        "lodash": "^4.17.19",
        "prop-types": "^15.5.8",
        "victory-core": "^35.4.6"
      }
    },
    "victory-polar-axis": {
      "version": "35.4.6",
      "resolved": "https://registry.npmjs.org/victory-polar-axis/-/victory-polar-axis-35.4.6.tgz",
      "integrity": "sha512-NtnjPJ2zvB4BoR9LY4wJydx0ZocZkv1367WA8J1Co5cx2jGnZFD0rrFxlQ3OWQxZ6/Dk+LrryjE64bPq81m0qw==",
      "requires": {
        "lodash": "^4.17.19",
        "prop-types": "^15.5.8",
        "victory-core": "^35.4.6"
      }
    },
    "victory-scatter": {
      "version": "35.4.6",
      "resolved": "https://registry.npmjs.org/victory-scatter/-/victory-scatter-35.4.6.tgz",
      "integrity": "sha512-4qWNnKhI0gCxKAX2cW6L0aGnHd9Y5OUeJezQSL4JWvW+tNBDPhB/AXOgTTMqD/0NGwKvRIFgStN9k2DdgYu44A==",
      "requires": {
        "lodash": "^4.17.19",
        "prop-types": "^15.5.8",
        "victory-core": "^35.4.6"
      }
    },
    "victory-selection-container": {
      "version": "35.4.6",
      "resolved": "https://registry.npmjs.org/victory-selection-container/-/victory-selection-container-35.4.6.tgz",
      "integrity": "sha512-mkxY10Vcy3kAtJ/dOFORnKdFNRdZv3OWDSazX0AHSfgZnXYIpYByolfYx/bqckbhge3kZzt5COzpJDG9kBDFMA==",
      "requires": {
        "lodash": "^4.17.19",
        "prop-types": "^15.5.8",
        "victory-core": "^35.4.6"
      }
    },
    "victory-shared-events": {
      "version": "35.4.6",
      "resolved": "https://registry.npmjs.org/victory-shared-events/-/victory-shared-events-35.4.6.tgz",
      "integrity": "sha512-fiKfxxRqQMsmCU5K/E0xaqiwAHOGSyzN4+sbuya0AuEq1sZEWUlFrhsEesUyqViEIqslLPfRsCrYgw/EA1I4WA==",
      "requires": {
        "json-stringify-safe": "^5.0.1",
        "lodash": "^4.17.19",
        "prop-types": "^15.5.8",
        "react-fast-compare": "^2.0.0",
        "victory-core": "^35.4.6"
      }
    },
    "victory-stack": {
      "version": "35.4.6",
      "resolved": "https://registry.npmjs.org/victory-stack/-/victory-stack-35.4.6.tgz",
      "integrity": "sha512-1+C7OSwlnEi4agfpY3HjFtVsbyUt+Q2nbU7SuNJ6BrNz7BDbTtazzrFi9nL9jAS56iJJA7Z6O3J7zOE3fj22Ug==",
      "requires": {
        "lodash": "^4.17.19",
        "prop-types": "^15.5.8",
        "react-fast-compare": "^2.0.0",
        "victory-core": "^35.4.6",
        "victory-shared-events": "^35.4.6"
      }
    },
    "victory-tooltip": {
      "version": "35.4.6",
      "resolved": "https://registry.npmjs.org/victory-tooltip/-/victory-tooltip-35.4.6.tgz",
      "integrity": "sha512-XEi/s4yvi4a+6m+VJWOp9biS/hy0x4cfY4qWQW3Xn/3NhxWY2TNhr3aQOsqKBkJhS59eo5KwzyQ9phEyT4i5rg==",
      "requires": {
        "lodash": "^4.17.19",
        "prop-types": "^15.5.8",
        "victory-core": "^35.4.6"
      }
    },
    "victory-voronoi": {
      "version": "35.4.6",
      "resolved": "https://registry.npmjs.org/victory-voronoi/-/victory-voronoi-35.4.6.tgz",
      "integrity": "sha512-eMtFirN2bIe3LV8UD+0+cx6ayyFQ4mzMeuDWo2wsN93M/+p08x3BlA6gXhQIPD8IzODNt/Nveqd3OMRg5TlONQ==",
      "requires": {
        "d3-voronoi": "^1.1.2",
        "lodash": "^4.17.19",
        "prop-types": "^15.5.8",
        "victory-core": "^35.4.6"
      }
    },
    "victory-voronoi-container": {
      "version": "35.4.6",
      "resolved": "https://registry.npmjs.org/victory-voronoi-container/-/victory-voronoi-container-35.4.6.tgz",
      "integrity": "sha512-lhXOGPZ4uEyfamp/l62/HJ5d/GDxmMD7Xagh+4TfIg6bWYBd3+BVG65bvO17yc+kkW2PWqzFIYtSpbFxEam9Ng==",
      "requires": {
        "delaunay-find": "0.0.5",
        "lodash": "^4.17.19",
        "prop-types": "^15.5.8",
        "react-fast-compare": "^2.0.0",
        "victory-core": "^35.4.6",
        "victory-tooltip": "^35.4.6"
      }
    },
    "victory-zoom-container": {
      "version": "35.4.6",
      "resolved": "https://registry.npmjs.org/victory-zoom-container/-/victory-zoom-container-35.4.6.tgz",
      "integrity": "sha512-DbNkI3eyyIzz1ntw15yVTSW+b6vGS96JYYf7O8NNct8rzPIYTF0e4oNROPRLLGEJnm2XiBhSiR8/aWeOCcJMag==",
      "requires": {
        "lodash": "^4.17.19",
        "prop-types": "^15.5.8",
        "victory-core": "^35.4.6"
      }
    },
    "wordwrap": {
      "version": "0.0.3",
      "resolved": "https://registry.npmjs.org/wordwrap/-/wordwrap-0.0.3.tgz",
      "integrity": "sha1-o9XabNXAvAAI03I0u68b7WMFkQc=",
      "dev": true
    },
    "wrappy": {
      "version": "1.0.2",
      "resolved": "https://registry.npmjs.org/wrappy/-/wrappy-1.0.2.tgz",
      "integrity": "sha1-tSQ9jz7BqjXxNkYFvA0QNuMKtp8=",
      "dev": true
    },
    "yallist": {
      "version": "4.0.0",
      "resolved": "https://registry.npmjs.org/yallist/-/yallist-4.0.0.tgz",
      "integrity": "sha512-3wdGidZyq5PB084XLES5TpOSRA3wjXAlIWMhum2kRcv/41Sn2emQ0dycQW4uZXLejwKvg6EsvbdlVL+FYEct7A=="
    }
  }
}
